// !$*UTF8*$!
{
	archiveVersion = 1;
	classes = {
	};
	objectVersion = 56;
	objects = {

/* Begin PBXBuildFile section */
		5E018C752ABDA41700A1754F /* DetailViewControllerTest.swift in Sources */ = {isa = PBXBuildFile; fileRef = 5E018C742ABDA41700A1754F /* DetailViewControllerTest.swift */; };
		5E018C772ABDAB9800A1754F /* FavouriteViewControllerTest.swift in Sources */ = {isa = PBXBuildFile; fileRef = 5E018C762ABDAB9800A1754F /* FavouriteViewControllerTest.swift */; };
		5E018C792ABDAC5A00A1754F /* ExchangeViewControllerTest.swift in Sources */ = {isa = PBXBuildFile; fileRef = 5E018C782ABDAC5A00A1754F /* ExchangeViewControllerTest.swift */; };
		5E018C7B2ABDADA100A1754F /* NewsViewControllerTest.swift in Sources */ = {isa = PBXBuildFile; fileRef = 5E018C7A2ABDADA100A1754F /* NewsViewControllerTest.swift */; };
		5E0E7C6E2AB00D2D00BB6C5A /* Response.swift in Sources */ = {isa = PBXBuildFile; fileRef = 5E0E7C6D2AB00D2D00BB6C5A /* Response.swift */; };
		5E0E7C702AB00D7D00BB6C5A /* FavouriteViewController.swift in Sources */ = {isa = PBXBuildFile; fileRef = 5E0E7C6F2AB00D7D00BB6C5A /* FavouriteViewController.swift */; };
		5E0E7C722AB00D9900BB6C5A /* DetailViewController.swift in Sources */ = {isa = PBXBuildFile; fileRef = 5E0E7C712AB00D9900BB6C5A /* DetailViewController.swift */; };
		5E0E7C742AB00DAF00BB6C5A /* ExchangeViewController.swift in Sources */ = {isa = PBXBuildFile; fileRef = 5E0E7C732AB00DAF00BB6C5A /* ExchangeViewController.swift */; };
		5E0E7C762AB00DC300BB6C5A /* NewsViewController.swift in Sources */ = {isa = PBXBuildFile; fileRef = 5E0E7C752AB00DC300BB6C5A /* NewsViewController.swift */; };
		5E1F92952AB5AFC300BB3BA0 /* TextFieldExtension.swift in Sources */ = {isa = PBXBuildFile; fileRef = 5E1F92942AB5AFC300BB3BA0 /* TextFieldExtension.swift */; };
		5E1F92A22AB7F89000BB3BA0 /* StringExtension.swift in Sources */ = {isa = PBXBuildFile; fileRef = 5E1F92A12AB7F89000BB3BA0 /* StringExtension.swift */; };
		5E1F92A52AB7FA1F00BB3BA0 /* Favourite+CoreDataClass.swift in Sources */ = {isa = PBXBuildFile; fileRef = 5E1F92A32AB7FA1F00BB3BA0 /* Favourite+CoreDataClass.swift */; };
		5E1F92A62AB7FA1F00BB3BA0 /* Favourite+CoreDataProperties.swift in Sources */ = {isa = PBXBuildFile; fileRef = 5E1F92A42AB7FA1F00BB3BA0 /* Favourite+CoreDataProperties.swift */; };
		5E1F92A92AB7FA5200BB3BA0 /* CoreDataManager.swift in Sources */ = {isa = PBXBuildFile; fileRef = 5E1F92A82AB7FA5200BB3BA0 /* CoreDataManager.swift */; };
		5E1F92AB2AB8534300BB3BA0 /* FavouriteManager.swift in Sources */ = {isa = PBXBuildFile; fileRef = 5E1F92AA2AB8534300BB3BA0 /* FavouriteManager.swift */; };
		5E616CB72AB1A14600DED86E /* TabBarController.swift in Sources */ = {isa = PBXBuildFile; fileRef = 5E616CB52AB1A14600DED86E /* TabBarController.swift */; };
		5E616CB82AB1A14600DED86E /* TabBarController.xib in Resources */ = {isa = PBXBuildFile; fileRef = 5E616CB62AB1A14600DED86E /* TabBarController.xib */; };
		5E616CC32AB1B91900DED86E /* ColorExtension.swift in Sources */ = {isa = PBXBuildFile; fileRef = 5E616CC22AB1B91900DED86E /* ColorExtension.swift */; };
		5E616CC52AB1C42800DED86E /* HomeViewController.xib in Resources */ = {isa = PBXBuildFile; fileRef = 5E616CC42AB1C42800DED86E /* HomeViewController.xib */; };
		5E616CC92AB1CC6800DED86E /* ButtonExtension.swift in Sources */ = {isa = PBXBuildFile; fileRef = 5E616CC82AB1CC6800DED86E /* ButtonExtension.swift */; };
		5E616CD52AB1CF5D00DED86E /* StockViewCell.swift in Sources */ = {isa = PBXBuildFile; fileRef = 5E616CD32AB1CF5D00DED86E /* StockViewCell.swift */; };
		5E616CD62AB1CF5D00DED86E /* StockViewCell.xib in Resources */ = {isa = PBXBuildFile; fileRef = 5E616CD42AB1CF5D00DED86E /* StockViewCell.xib */; };
		5E75C7682ABD820A008A3DA5 /* HomeViewControllerTest.swift in Sources */ = {isa = PBXBuildFile; fileRef = 5E75C7672ABD820A008A3DA5 /* HomeViewControllerTest.swift */; };
		5E75C7732ABD8D79008A3DA5 /* CryptoCurrencyUITests.swift in Sources */ = {isa = PBXBuildFile; fileRef = 5E75C7722ABD8D79008A3DA5 /* CryptoCurrencyUITests.swift */; };
		5E75C7752ABD8D79008A3DA5 /* CryptoCurrencyUITestsLaunchTests.swift in Sources */ = {isa = PBXBuildFile; fileRef = 5E75C7742ABD8D79008A3DA5 /* CryptoCurrencyUITestsLaunchTests.swift */; };
		5E7EF7E22AAF22C600F8386A /* AppDelegate.swift in Sources */ = {isa = PBXBuildFile; fileRef = 5E7EF7E12AAF22C600F8386A /* AppDelegate.swift */; };
		5E7EF7E62AAF22C600F8386A /* HomeViewController.swift in Sources */ = {isa = PBXBuildFile; fileRef = 5E7EF7E52AAF22C600F8386A /* HomeViewController.swift */; };
		5E7EF7E92AAF22C600F8386A /* Main.storyboard in Resources */ = {isa = PBXBuildFile; fileRef = 5E7EF7E72AAF22C600F8386A /* Main.storyboard */; };
		5E7EF7EC2AAF22C600F8386A /* CryptoCurrency.xcdatamodeld in Sources */ = {isa = PBXBuildFile; fileRef = 5E7EF7EA2AAF22C600F8386A /* CryptoCurrency.xcdatamodeld */; };
		5E7EF7EE2AAF22C900F8386A /* Assets.xcassets in Resources */ = {isa = PBXBuildFile; fileRef = 5E7EF7ED2AAF22C900F8386A /* Assets.xcassets */; };
		5E7EF7F12AAF22C900F8386A /* LaunchScreen.storyboard in Resources */ = {isa = PBXBuildFile; fileRef = 5E7EF7EF2AAF22C900F8386A /* LaunchScreen.storyboard */; };
		5EB93E192AB883870003C97E /* CoinsViewController.swift in Sources */ = {isa = PBXBuildFile; fileRef = 5EB93E172AB883870003C97E /* CoinsViewController.swift */; };
		5EB93E1A2AB883870003C97E /* CoinsViewController.xib in Resources */ = {isa = PBXBuildFile; fileRef = 5EB93E182AB883870003C97E /* CoinsViewController.xib */; };
		5EB93E1E2AB884D00003C97E /* CoinsViewCell.swift in Sources */ = {isa = PBXBuildFile; fileRef = 5EB93E1C2AB884D00003C97E /* CoinsViewCell.swift */; };
		5EB93E1F2AB884D00003C97E /* CoinsViewCell.xib in Resources */ = {isa = PBXBuildFile; fileRef = 5EB93E1D2AB884D00003C97E /* CoinsViewCell.xib */; };
		5ED711172AB05E01001F936F /* Endpoint.swift in Sources */ = {isa = PBXBuildFile; fileRef = 5ED711162AB05E01001F936F /* Endpoint.swift */; };
		5ED7111A2AB05F97001F936F /* APIManager.swift in Sources */ = {isa = PBXBuildFile; fileRef = 5ED711192AB05F97001F936F /* APIManager.swift */; };
		5ED7111C2AB064CE001F936F /* Coin.swift in Sources */ = {isa = PBXBuildFile; fileRef = 5ED7111B2AB064CE001F936F /* Coin.swift */; };
		5EE049382AB0774300810282 /* Key.swift in Sources */ = {isa = PBXBuildFile; fileRef = 5EE049372AB0774300810282 /* Key.swift */; };
		5EE0A6302ABA85140077307B /* RefreshManager.swift in Sources */ = {isa = PBXBuildFile; fileRef = 5EE0A62F2ABA85140077307B /* RefreshManager.swift */; };
		5EE0A6322ABA90CE0077307B /* TableViewExtension.swift in Sources */ = {isa = PBXBuildFile; fileRef = 5EE0A6312ABA90CE0077307B /* TableViewExtension.swift */; };
		5EE0A6342ABA96C80077307B /* InternetManager.swift in Sources */ = {isa = PBXBuildFile; fileRef = 5EE0A6332ABA96C80077307B /* InternetManager.swift */; };
		5EE0A6382ABA98600077307B /* InternetViewController.swift in Sources */ = {isa = PBXBuildFile; fileRef = 5EE0A6362ABA98600077307B /* InternetViewController.swift */; };
		5EE0A6392ABA98600077307B /* InternetViewController.xib in Resources */ = {isa = PBXBuildFile; fileRef = 5EE0A6372ABA98600077307B /* InternetViewController.xib */; };
		5EE4C1C12AB3FE34005DCFEF /* ExchangeViewController.xib in Resources */ = {isa = PBXBuildFile; fileRef = 5EE4C1C02AB3FE34005DCFEF /* ExchangeViewController.xib */; };
		5EE4C1C32AB42DF4005DCFEF /* ImageViewExtension.swift in Sources */ = {isa = PBXBuildFile; fileRef = 5EE4C1C22AB42DF4005DCFEF /* ImageViewExtension.swift */; };
		5EE4C1C52AB42E31005DCFEF /* LayerSettings.swift in Sources */ = {isa = PBXBuildFile; fileRef = 5EE4C1C42AB42E31005DCFEF /* LayerSettings.swift */; };
		5EE4C1C72AB433C6005DCFEF /* NewsViewController.xib in Resources */ = {isa = PBXBuildFile; fileRef = 5EE4C1C62AB433C6005DCFEF /* NewsViewController.xib */; };
		5EE4C1CB2AB43462005DCFEF /* NewsViewCell.swift in Sources */ = {isa = PBXBuildFile; fileRef = 5EE4C1C92AB43462005DCFEF /* NewsViewCell.swift */; };
		5EE4C1CC2AB43462005DCFEF /* NewsViewCell.xib in Resources */ = {isa = PBXBuildFile; fileRef = 5EE4C1CA2AB43462005DCFEF /* NewsViewCell.xib */; };
		5EF03CB42AB2F14300A7CF72 /* FavouriteViewController.xib in Resources */ = {isa = PBXBuildFile; fileRef = 5EF03CB32AB2F14300A7CF72 /* FavouriteViewController.xib */; };
		5EF03CB92AB2F2B500A7CF72 /* FavouriteViewCell.swift in Sources */ = {isa = PBXBuildFile; fileRef = 5EF03CB72AB2F2B500A7CF72 /* FavouriteViewCell.swift */; };
		5EF03CBA2AB2F2B500A7CF72 /* FavouriteViewCell.xib in Resources */ = {isa = PBXBuildFile; fileRef = 5EF03CB82AB2F2B500A7CF72 /* FavouriteViewCell.xib */; };
		5EF03CBC2AB2F93000A7CF72 /* ViewExtension.swift in Sources */ = {isa = PBXBuildFile; fileRef = 5EF03CBB2AB2F93000A7CF72 /* ViewExtension.swift */; };
		5EF03CBE2AB302E500A7CF72 /* DetailViewController.xib in Resources */ = {isa = PBXBuildFile; fileRef = 5EF03CBD2AB302E500A7CF72 /* DetailViewController.xib */; };
		5EF03CC02AB33AD300A7CF72 /* ViewControllerExtension.swift in Sources */ = {isa = PBXBuildFile; fileRef = 5EF03CBF2AB33AD300A7CF72 /* ViewControllerExtension.swift */; };
		5EF03CC22AB363D800A7CF72 /* ViewManager.swift in Sources */ = {isa = PBXBuildFile; fileRef = 5EF03CC12AB363D800A7CF72 /* ViewManager.swift */; };
		B852BAC9B661FE86161C8D33 /* Pods_CryptoCurrency.framework in Frameworks */ = {isa = PBXBuildFile; fileRef = C53C100F939BB8FBD36CB0EE /* Pods_CryptoCurrency.framework */; };
/* End PBXBuildFile section */

/* Begin PBXContainerItemProxy section */
		5E75C7622ABD81F4008A3DA5 /* PBXContainerItemProxy */ = {
			isa = PBXContainerItemProxy;
			containerPortal = 5E7EF7D62AAF22C600F8386A /* Project object */;
			proxyType = 1;
			remoteGlobalIDString = 5E7EF7DD2AAF22C600F8386A;
			remoteInfo = CryptoCurrency;
		};
		5E75C7762ABD8D79008A3DA5 /* PBXContainerItemProxy */ = {
			isa = PBXContainerItemProxy;
			containerPortal = 5E7EF7D62AAF22C600F8386A /* Project object */;
			proxyType = 1;
			remoteGlobalIDString = 5E7EF7DD2AAF22C600F8386A;
			remoteInfo = CryptoCurrency;
		};
/* End PBXContainerItemProxy section */

/* Begin PBXFileReference section */
		5E018C742ABDA41700A1754F /* DetailViewControllerTest.swift */ = {isa = PBXFileReference; lastKnownFileType = sourcecode.swift; path = DetailViewControllerTest.swift; sourceTree = "<group>"; };
		5E018C762ABDAB9800A1754F /* FavouriteViewControllerTest.swift */ = {isa = PBXFileReference; lastKnownFileType = sourcecode.swift; path = FavouriteViewControllerTest.swift; sourceTree = "<group>"; };
		5E018C782ABDAC5A00A1754F /* ExchangeViewControllerTest.swift */ = {isa = PBXFileReference; lastKnownFileType = sourcecode.swift; path = ExchangeViewControllerTest.swift; sourceTree = "<group>"; };
		5E018C7A2ABDADA100A1754F /* NewsViewControllerTest.swift */ = {isa = PBXFileReference; lastKnownFileType = sourcecode.swift; path = NewsViewControllerTest.swift; sourceTree = "<group>"; };
		5E0E7C6D2AB00D2D00BB6C5A /* Response.swift */ = {isa = PBXFileReference; lastKnownFileType = sourcecode.swift; path = Response.swift; sourceTree = "<group>"; };
		5E0E7C6F2AB00D7D00BB6C5A /* FavouriteViewController.swift */ = {isa = PBXFileReference; lastKnownFileType = sourcecode.swift; path = FavouriteViewController.swift; sourceTree = "<group>"; };
		5E0E7C712AB00D9900BB6C5A /* DetailViewController.swift */ = {isa = PBXFileReference; lastKnownFileType = sourcecode.swift; path = DetailViewController.swift; sourceTree = "<group>"; };
		5E0E7C732AB00DAF00BB6C5A /* ExchangeViewController.swift */ = {isa = PBXFileReference; lastKnownFileType = sourcecode.swift; path = ExchangeViewController.swift; sourceTree = "<group>"; };
		5E0E7C752AB00DC300BB6C5A /* NewsViewController.swift */ = {isa = PBXFileReference; lastKnownFileType = sourcecode.swift; path = NewsViewController.swift; sourceTree = "<group>"; };
		5E1F92942AB5AFC300BB3BA0 /* TextFieldExtension.swift */ = {isa = PBXFileReference; lastKnownFileType = sourcecode.swift; path = TextFieldExtension.swift; sourceTree = "<group>"; };
		5E1F92A12AB7F89000BB3BA0 /* StringExtension.swift */ = {isa = PBXFileReference; lastKnownFileType = sourcecode.swift; path = StringExtension.swift; sourceTree = "<group>"; };
		5E1F92A32AB7FA1F00BB3BA0 /* Favourite+CoreDataClass.swift */ = {isa = PBXFileReference; lastKnownFileType = sourcecode.swift; path = "Favourite+CoreDataClass.swift"; sourceTree = "<group>"; };
		5E1F92A42AB7FA1F00BB3BA0 /* Favourite+CoreDataProperties.swift */ = {isa = PBXFileReference; lastKnownFileType = sourcecode.swift; path = "Favourite+CoreDataProperties.swift"; sourceTree = "<group>"; };
		5E1F92A82AB7FA5200BB3BA0 /* CoreDataManager.swift */ = {isa = PBXFileReference; lastKnownFileType = sourcecode.swift; path = CoreDataManager.swift; sourceTree = "<group>"; };
		5E1F92AA2AB8534300BB3BA0 /* FavouriteManager.swift */ = {isa = PBXFileReference; lastKnownFileType = sourcecode.swift; path = FavouriteManager.swift; sourceTree = "<group>"; };
		5E616CB52AB1A14600DED86E /* TabBarController.swift */ = {isa = PBXFileReference; lastKnownFileType = sourcecode.swift; path = TabBarController.swift; sourceTree = "<group>"; };
		5E616CB62AB1A14600DED86E /* TabBarController.xib */ = {isa = PBXFileReference; lastKnownFileType = file.xib; path = TabBarController.xib; sourceTree = "<group>"; };
		5E616CC22AB1B91900DED86E /* ColorExtension.swift */ = {isa = PBXFileReference; lastKnownFileType = sourcecode.swift; path = ColorExtension.swift; sourceTree = "<group>"; };
		5E616CC42AB1C42800DED86E /* HomeViewController.xib */ = {isa = PBXFileReference; lastKnownFileType = file.xib; path = HomeViewController.xib; sourceTree = "<group>"; };
		5E616CC82AB1CC6800DED86E /* ButtonExtension.swift */ = {isa = PBXFileReference; lastKnownFileType = sourcecode.swift; path = ButtonExtension.swift; sourceTree = "<group>"; };
		5E616CD32AB1CF5D00DED86E /* StockViewCell.swift */ = {isa = PBXFileReference; lastKnownFileType = sourcecode.swift; path = StockViewCell.swift; sourceTree = "<group>"; };
		5E616CD42AB1CF5D00DED86E /* StockViewCell.xib */ = {isa = PBXFileReference; lastKnownFileType = file.xib; path = StockViewCell.xib; sourceTree = "<group>"; };
		5E75C75E2ABD81F4008A3DA5 /* CryptoCurrencyTests.xctest */ = {isa = PBXFileReference; explicitFileType = wrapper.cfbundle; includeInIndex = 0; path = CryptoCurrencyTests.xctest; sourceTree = BUILT_PRODUCTS_DIR; };
		5E75C7672ABD820A008A3DA5 /* HomeViewControllerTest.swift */ = {isa = PBXFileReference; lastKnownFileType = sourcecode.swift; path = HomeViewControllerTest.swift; sourceTree = "<group>"; };
		5E75C7702ABD8D79008A3DA5 /* CryptoCurrencyUITests.xctest */ = {isa = PBXFileReference; explicitFileType = wrapper.cfbundle; includeInIndex = 0; path = CryptoCurrencyUITests.xctest; sourceTree = BUILT_PRODUCTS_DIR; };
		5E75C7722ABD8D79008A3DA5 /* CryptoCurrencyUITests.swift */ = {isa = PBXFileReference; lastKnownFileType = sourcecode.swift; path = CryptoCurrencyUITests.swift; sourceTree = "<group>"; };
		5E75C7742ABD8D79008A3DA5 /* CryptoCurrencyUITestsLaunchTests.swift */ = {isa = PBXFileReference; lastKnownFileType = sourcecode.swift; path = CryptoCurrencyUITestsLaunchTests.swift; sourceTree = "<group>"; };
		5E7EF7DE2AAF22C600F8386A /* CryptoCurrency.app */ = {isa = PBXFileReference; explicitFileType = wrapper.application; includeInIndex = 0; path = CryptoCurrency.app; sourceTree = BUILT_PRODUCTS_DIR; };
		5E7EF7E12AAF22C600F8386A /* AppDelegate.swift */ = {isa = PBXFileReference; lastKnownFileType = sourcecode.swift; path = AppDelegate.swift; sourceTree = "<group>"; };
		5E7EF7E52AAF22C600F8386A /* HomeViewController.swift */ = {isa = PBXFileReference; lastKnownFileType = sourcecode.swift; path = HomeViewController.swift; sourceTree = "<group>"; };
		5E7EF7E82AAF22C600F8386A /* Base */ = {isa = PBXFileReference; lastKnownFileType = file.storyboard; name = Base; path = Base.lproj/Main.storyboard; sourceTree = "<group>"; };
		5E7EF7EB2AAF22C600F8386A /* CryptoCurrency.xcdatamodel */ = {isa = PBXFileReference; lastKnownFileType = wrapper.xcdatamodel; path = CryptoCurrency.xcdatamodel; sourceTree = "<group>"; };
		5E7EF7ED2AAF22C900F8386A /* Assets.xcassets */ = {isa = PBXFileReference; lastKnownFileType = folder.assetcatalog; path = Assets.xcassets; sourceTree = "<group>"; };
		5E7EF7F02AAF22C900F8386A /* Base */ = {isa = PBXFileReference; lastKnownFileType = file.storyboard; name = Base; path = Base.lproj/LaunchScreen.storyboard; sourceTree = "<group>"; };
		5E7EF7F22AAF22C900F8386A /* Info.plist */ = {isa = PBXFileReference; lastKnownFileType = text.plist.xml; path = Info.plist; sourceTree = "<group>"; };
		5EB93E172AB883870003C97E /* CoinsViewController.swift */ = {isa = PBXFileReference; lastKnownFileType = sourcecode.swift; path = CoinsViewController.swift; sourceTree = "<group>"; };
		5EB93E182AB883870003C97E /* CoinsViewController.xib */ = {isa = PBXFileReference; lastKnownFileType = file.xib; path = CoinsViewController.xib; sourceTree = "<group>"; };
		5EB93E1C2AB884D00003C97E /* CoinsViewCell.swift */ = {isa = PBXFileReference; lastKnownFileType = sourcecode.swift; path = CoinsViewCell.swift; sourceTree = "<group>"; };
		5EB93E1D2AB884D00003C97E /* CoinsViewCell.xib */ = {isa = PBXFileReference; lastKnownFileType = file.xib; path = CoinsViewCell.xib; sourceTree = "<group>"; };
		5ED711162AB05E01001F936F /* Endpoint.swift */ = {isa = PBXFileReference; lastKnownFileType = sourcecode.swift; path = Endpoint.swift; sourceTree = "<group>"; };
		5ED711192AB05F97001F936F /* APIManager.swift */ = {isa = PBXFileReference; lastKnownFileType = sourcecode.swift; path = APIManager.swift; sourceTree = "<group>"; };
		5ED7111B2AB064CE001F936F /* Coin.swift */ = {isa = PBXFileReference; lastKnownFileType = sourcecode.swift; path = Coin.swift; sourceTree = "<group>"; };
		5EE049372AB0774300810282 /* Key.swift */ = {isa = PBXFileReference; lastKnownFileType = sourcecode.swift; path = Key.swift; sourceTree = "<group>"; };
		5EE0A62F2ABA85140077307B /* RefreshManager.swift */ = {isa = PBXFileReference; lastKnownFileType = sourcecode.swift; path = RefreshManager.swift; sourceTree = "<group>"; };
		5EE0A6312ABA90CE0077307B /* TableViewExtension.swift */ = {isa = PBXFileReference; lastKnownFileType = sourcecode.swift; path = TableViewExtension.swift; sourceTree = "<group>"; };
		5EE0A6332ABA96C80077307B /* InternetManager.swift */ = {isa = PBXFileReference; lastKnownFileType = sourcecode.swift; path = InternetManager.swift; sourceTree = "<group>"; };
		5EE0A6362ABA98600077307B /* InternetViewController.swift */ = {isa = PBXFileReference; lastKnownFileType = sourcecode.swift; path = InternetViewController.swift; sourceTree = "<group>"; };
		5EE0A6372ABA98600077307B /* InternetViewController.xib */ = {isa = PBXFileReference; lastKnownFileType = file.xib; path = InternetViewController.xib; sourceTree = "<group>"; };
		5EE4C1C02AB3FE34005DCFEF /* ExchangeViewController.xib */ = {isa = PBXFileReference; lastKnownFileType = file.xib; path = ExchangeViewController.xib; sourceTree = "<group>"; };
		5EE4C1C22AB42DF4005DCFEF /* ImageViewExtension.swift */ = {isa = PBXFileReference; lastKnownFileType = sourcecode.swift; path = ImageViewExtension.swift; sourceTree = "<group>"; };
		5EE4C1C42AB42E31005DCFEF /* LayerSettings.swift */ = {isa = PBXFileReference; lastKnownFileType = sourcecode.swift; path = LayerSettings.swift; sourceTree = "<group>"; };
		5EE4C1C62AB433C6005DCFEF /* NewsViewController.xib */ = {isa = PBXFileReference; lastKnownFileType = file.xib; path = NewsViewController.xib; sourceTree = "<group>"; };
		5EE4C1C92AB43462005DCFEF /* NewsViewCell.swift */ = {isa = PBXFileReference; lastKnownFileType = sourcecode.swift; path = NewsViewCell.swift; sourceTree = "<group>"; };
		5EE4C1CA2AB43462005DCFEF /* NewsViewCell.xib */ = {isa = PBXFileReference; lastKnownFileType = file.xib; path = NewsViewCell.xib; sourceTree = "<group>"; };
		5EF03CB32AB2F14300A7CF72 /* FavouriteViewController.xib */ = {isa = PBXFileReference; lastKnownFileType = file.xib; path = FavouriteViewController.xib; sourceTree = "<group>"; };
		5EF03CB72AB2F2B500A7CF72 /* FavouriteViewCell.swift */ = {isa = PBXFileReference; lastKnownFileType = sourcecode.swift; path = FavouriteViewCell.swift; sourceTree = "<group>"; };
		5EF03CB82AB2F2B500A7CF72 /* FavouriteViewCell.xib */ = {isa = PBXFileReference; lastKnownFileType = file.xib; path = FavouriteViewCell.xib; sourceTree = "<group>"; };
		5EF03CBB2AB2F93000A7CF72 /* ViewExtension.swift */ = {isa = PBXFileReference; lastKnownFileType = sourcecode.swift; path = ViewExtension.swift; sourceTree = "<group>"; };
		5EF03CBD2AB302E500A7CF72 /* DetailViewController.xib */ = {isa = PBXFileReference; lastKnownFileType = file.xib; path = DetailViewController.xib; sourceTree = "<group>"; };
		5EF03CBF2AB33AD300A7CF72 /* ViewControllerExtension.swift */ = {isa = PBXFileReference; lastKnownFileType = sourcecode.swift; path = ViewControllerExtension.swift; sourceTree = "<group>"; };
		5EF03CC12AB363D800A7CF72 /* ViewManager.swift */ = {isa = PBXFileReference; lastKnownFileType = sourcecode.swift; path = ViewManager.swift; sourceTree = "<group>"; };
		C53C100F939BB8FBD36CB0EE /* Pods_CryptoCurrency.framework */ = {isa = PBXFileReference; explicitFileType = wrapper.framework; includeInIndex = 0; path = Pods_CryptoCurrency.framework; sourceTree = BUILT_PRODUCTS_DIR; };
		DEDE969FEA352523602DF6A4 /* Pods-CryptoCurrency.release.xcconfig */ = {isa = PBXFileReference; includeInIndex = 1; lastKnownFileType = text.xcconfig; name = "Pods-CryptoCurrency.release.xcconfig"; path = "Target Support Files/Pods-CryptoCurrency/Pods-CryptoCurrency.release.xcconfig"; sourceTree = "<group>"; };
		EA0BECBCCE14C60287DEC53C /* Pods-CryptoCurrency.debug.xcconfig */ = {isa = PBXFileReference; includeInIndex = 1; lastKnownFileType = text.xcconfig; name = "Pods-CryptoCurrency.debug.xcconfig"; path = "Target Support Files/Pods-CryptoCurrency/Pods-CryptoCurrency.debug.xcconfig"; sourceTree = "<group>"; };
/* End PBXFileReference section */

/* Begin PBXFrameworksBuildPhase section */
		5E75C75B2ABD81F4008A3DA5 /* Frameworks */ = {
			isa = PBXFrameworksBuildPhase;
			buildActionMask = 2147483647;
			files = (
			);
			runOnlyForDeploymentPostprocessing = 0;
		};
		5E75C76D2ABD8D79008A3DA5 /* Frameworks */ = {
			isa = PBXFrameworksBuildPhase;
			buildActionMask = 2147483647;
			files = (
			);
			runOnlyForDeploymentPostprocessing = 0;
		};
		5E7EF7DB2AAF22C600F8386A /* Frameworks */ = {
			isa = PBXFrameworksBuildPhase;
			buildActionMask = 2147483647;
			files = (
				B852BAC9B661FE86161C8D33 /* Pods_CryptoCurrency.framework in Frameworks */,
			);
			runOnlyForDeploymentPostprocessing = 0;
		};
/* End PBXFrameworksBuildPhase section */

/* Begin PBXGroup section */
		46FCFF16452ED3332F2953C0 /* Frameworks */ = {
			isa = PBXGroup;
			children = (
				C53C100F939BB8FBD36CB0EE /* Pods_CryptoCurrency.framework */,
			);
			name = Frameworks;
			sourceTree = "<group>";
		};
		5E0E7C6A2AB00C1100BB6C5A /* Model */ = {
			isa = PBXGroup;
			children = (
				5E0E7C6D2AB00D2D00BB6C5A /* Response.swift */,
				5ED711162AB05E01001F936F /* Endpoint.swift */,
				5ED7111B2AB064CE001F936F /* Coin.swift */,
				5EE049372AB0774300810282 /* Key.swift */,
				5EE4C1C42AB42E31005DCFEF /* LayerSettings.swift */,
			);
			path = Model;
			sourceTree = "<group>";
		};
		5E0E7C6C2AB00C1B00BB6C5A /* Controller */ = {
			isa = PBXGroup;
			children = (
				5EE0A6352ABA98480077307B /* Internet */,
				5EB93E162AB883160003C97E /* Coins */,
				5E616CCD2AB1CD5000DED86E /* Detail */,
				5E616CCC2AB1CD4000DED86E /* News */,
				5E616CCB2AB1CD3700DED86E /* Exchange */,
				5E616CCA2AB1CD2D00DED86E /* Favourite */,
				5E616CBA2AB1A9B600DED86E /* Home */,
				5E616CB92AB1A8AE00DED86E /* TabBar */,
			);
			path = Controller;
			sourceTree = "<group>";
		};
		5E1F92A72AB7FA2300BB3BA0 /* CoreData */ = {
			isa = PBXGroup;
			children = (
				5E1F92A32AB7FA1F00BB3BA0 /* Favourite+CoreDataClass.swift */,
				5E1F92A42AB7FA1F00BB3BA0 /* Favourite+CoreDataProperties.swift */,
			);
			path = CoreData;
			sourceTree = "<group>";
		};
		5E616CB92AB1A8AE00DED86E /* TabBar */ = {
			isa = PBXGroup;
			children = (
				5E616CB52AB1A14600DED86E /* TabBarController.swift */,
				5E616CB62AB1A14600DED86E /* TabBarController.xib */,
			);
			path = TabBar;
			sourceTree = "<group>";
		};
		5E616CBA2AB1A9B600DED86E /* Home */ = {
			isa = PBXGroup;
			children = (
				5E7EF7E52AAF22C600F8386A /* HomeViewController.swift */,
				5E616CC42AB1C42800DED86E /* HomeViewController.xib */,
			);
			path = Home;
			sourceTree = "<group>";
		};
		5E616CC12AB1B8E600DED86E /* Extension */ = {
			isa = PBXGroup;
			children = (
				5E616CC22AB1B91900DED86E /* ColorExtension.swift */,
				5E616CC82AB1CC6800DED86E /* ButtonExtension.swift */,
				5EF03CBB2AB2F93000A7CF72 /* ViewExtension.swift */,
				5EF03CBF2AB33AD300A7CF72 /* ViewControllerExtension.swift */,
				5EE4C1C22AB42DF4005DCFEF /* ImageViewExtension.swift */,
				5E1F92942AB5AFC300BB3BA0 /* TextFieldExtension.swift */,
				5E1F92A12AB7F89000BB3BA0 /* StringExtension.swift */,
				5EE0A6312ABA90CE0077307B /* TableViewExtension.swift */,
			);
			path = Extension;
			sourceTree = "<group>";
		};
		5E616CCA2AB1CD2D00DED86E /* Favourite */ = {
			isa = PBXGroup;
			children = (
				5E0E7C6F2AB00D7D00BB6C5A /* FavouriteViewController.swift */,
				5EF03CB32AB2F14300A7CF72 /* FavouriteViewController.xib */,
			);
			path = Favourite;
			sourceTree = "<group>";
		};
		5E616CCB2AB1CD3700DED86E /* Exchange */ = {
			isa = PBXGroup;
			children = (
				5E0E7C732AB00DAF00BB6C5A /* ExchangeViewController.swift */,
				5EE4C1C02AB3FE34005DCFEF /* ExchangeViewController.xib */,
			);
			path = Exchange;
			sourceTree = "<group>";
		};
		5E616CCC2AB1CD4000DED86E /* News */ = {
			isa = PBXGroup;
			children = (
				5E0E7C752AB00DC300BB6C5A /* NewsViewController.swift */,
				5EE4C1C62AB433C6005DCFEF /* NewsViewController.xib */,
			);
			path = News;
			sourceTree = "<group>";
		};
		5E616CCD2AB1CD5000DED86E /* Detail */ = {
			isa = PBXGroup;
			children = (
				5E0E7C712AB00D9900BB6C5A /* DetailViewController.swift */,
				5EF03CBD2AB302E500A7CF72 /* DetailViewController.xib */,
			);
			path = Detail;
			sourceTree = "<group>";
		};
		5E616CCE2AB1CD5F00DED86E /* Cell */ = {
			isa = PBXGroup;
			children = (
				5EB93E1B2AB884B10003C97E /* Coins */,
				5EE4C1C82AB4344F005DCFEF /* News */,
				5EF03CB62AB2F29B00A7CF72 /* Favourite */,
				5EF03CB52AB2F29200A7CF72 /* Stock */,
			);
			path = Cell;
			sourceTree = "<group>";
		};
		5E75C75F2ABD81F4008A3DA5 /* CryptoCurrencyTests */ = {
			isa = PBXGroup;
			children = (
				5E75C7672ABD820A008A3DA5 /* HomeViewControllerTest.swift */,
				5E018C742ABDA41700A1754F /* DetailViewControllerTest.swift */,
				5E018C762ABDAB9800A1754F /* FavouriteViewControllerTest.swift */,
				5E018C782ABDAC5A00A1754F /* ExchangeViewControllerTest.swift */,
				5E018C7A2ABDADA100A1754F /* NewsViewControllerTest.swift */,
			);
			path = CryptoCurrencyTests;
			sourceTree = "<group>";
		};
		5E75C7712ABD8D79008A3DA5 /* CryptoCurrencyUITests */ = {
			isa = PBXGroup;
			children = (
				5E75C7722ABD8D79008A3DA5 /* CryptoCurrencyUITests.swift */,
				5E75C7742ABD8D79008A3DA5 /* CryptoCurrencyUITestsLaunchTests.swift */,
			);
			path = CryptoCurrencyUITests;
			sourceTree = "<group>";
		};
		5E7EF7D52AAF22C600F8386A = {
			isa = PBXGroup;
			children = (
				5E7EF7E02AAF22C600F8386A /* CryptoCurrency */,
				5E75C75F2ABD81F4008A3DA5 /* CryptoCurrencyTests */,
				5E75C7712ABD8D79008A3DA5 /* CryptoCurrencyUITests */,
				5E7EF7DF2AAF22C600F8386A /* Products */,
				A9DF16DD9B8510F1957D3D68 /* Pods */,
				46FCFF16452ED3332F2953C0 /* Frameworks */,
			);
			sourceTree = "<group>";
		};
		5E7EF7DF2AAF22C600F8386A /* Products */ = {
			isa = PBXGroup;
			children = (
				5E7EF7DE2AAF22C600F8386A /* CryptoCurrency.app */,
				5E75C75E2ABD81F4008A3DA5 /* CryptoCurrencyTests.xctest */,
				5E75C7702ABD8D79008A3DA5 /* CryptoCurrencyUITests.xctest */,
			);
			name = Products;
			sourceTree = "<group>";
		};
		5E7EF7E02AAF22C600F8386A /* CryptoCurrency */ = {
			isa = PBXGroup;
			children = (
				5E1F92A72AB7FA2300BB3BA0 /* CoreData */,
				5E616CCE2AB1CD5F00DED86E /* Cell */,
				5E616CC12AB1B8E600DED86E /* Extension */,
				5ED711182AB05F7C001F936F /* Manager */,
				5E0E7C6C2AB00C1B00BB6C5A /* Controller */,
				5E0E7C6A2AB00C1100BB6C5A /* Model */,
				5E7EF7E12AAF22C600F8386A /* AppDelegate.swift */,
				5E7EF7ED2AAF22C900F8386A /* Assets.xcassets */,
				5E7EF7E72AAF22C600F8386A /* Main.storyboard */,
				5E7EF7EF2AAF22C900F8386A /* LaunchScreen.storyboard */,
				5E7EF7F22AAF22C900F8386A /* Info.plist */,
				5E7EF7EA2AAF22C600F8386A /* CryptoCurrency.xcdatamodeld */,
			);
			path = CryptoCurrency;
			sourceTree = "<group>";
		};
		5EB93E162AB883160003C97E /* Coins */ = {
			isa = PBXGroup;
			children = (
				5EB93E172AB883870003C97E /* CoinsViewController.swift */,
				5EB93E182AB883870003C97E /* CoinsViewController.xib */,
			);
			path = Coins;
			sourceTree = "<group>";
		};
		5EB93E1B2AB884B10003C97E /* Coins */ = {
			isa = PBXGroup;
			children = (
				5EB93E1C2AB884D00003C97E /* CoinsViewCell.swift */,
				5EB93E1D2AB884D00003C97E /* CoinsViewCell.xib */,
			);
			path = Coins;
			sourceTree = "<group>";
		};
		5ED711182AB05F7C001F936F /* Manager */ = {
			isa = PBXGroup;
			children = (
				5ED711192AB05F97001F936F /* APIManager.swift */,
				5EF03CC12AB363D800A7CF72 /* ViewManager.swift */,
				5E1F92A82AB7FA5200BB3BA0 /* CoreDataManager.swift */,
				5E1F92AA2AB8534300BB3BA0 /* FavouriteManager.swift */,
				5EE0A62F2ABA85140077307B /* RefreshManager.swift */,
				5EE0A6332ABA96C80077307B /* InternetManager.swift */,
			);
			path = Manager;
			sourceTree = "<group>";
		};
		5EE0A6352ABA98480077307B /* Internet */ = {
			isa = PBXGroup;
			children = (
				5EE0A6362ABA98600077307B /* InternetViewController.swift */,
				5EE0A6372ABA98600077307B /* InternetViewController.xib */,
			);
			path = Internet;
			sourceTree = "<group>";
		};
		5EE4C1C82AB4344F005DCFEF /* News */ = {
			isa = PBXGroup;
			children = (
				5EE4C1C92AB43462005DCFEF /* NewsViewCell.swift */,
				5EE4C1CA2AB43462005DCFEF /* NewsViewCell.xib */,
			);
			path = News;
			sourceTree = "<group>";
		};
		5EF03CB52AB2F29200A7CF72 /* Stock */ = {
			isa = PBXGroup;
			children = (
				5E616CD32AB1CF5D00DED86E /* StockViewCell.swift */,
				5E616CD42AB1CF5D00DED86E /* StockViewCell.xib */,
			);
			path = Stock;
			sourceTree = "<group>";
		};
		5EF03CB62AB2F29B00A7CF72 /* Favourite */ = {
			isa = PBXGroup;
			children = (
				5EF03CB72AB2F2B500A7CF72 /* FavouriteViewCell.swift */,
				5EF03CB82AB2F2B500A7CF72 /* FavouriteViewCell.xib */,
			);
			path = Favourite;
			sourceTree = "<group>";
		};
		A9DF16DD9B8510F1957D3D68 /* Pods */ = {
			isa = PBXGroup;
			children = (
				EA0BECBCCE14C60287DEC53C /* Pods-CryptoCurrency.debug.xcconfig */,
				DEDE969FEA352523602DF6A4 /* Pods-CryptoCurrency.release.xcconfig */,
			);
			path = Pods;
			sourceTree = "<group>";
		};
/* End PBXGroup section */

/* Begin PBXNativeTarget section */
		5E75C75D2ABD81F4008A3DA5 /* CryptoCurrencyTests */ = {
			isa = PBXNativeTarget;
			buildConfigurationList = 5E75C7662ABD81F4008A3DA5 /* Build configuration list for PBXNativeTarget "CryptoCurrencyTests" */;
			buildPhases = (
				5E75C75A2ABD81F4008A3DA5 /* Sources */,
				5E75C75B2ABD81F4008A3DA5 /* Frameworks */,
				5E75C75C2ABD81F4008A3DA5 /* Resources */,
			);
			buildRules = (
			);
			dependencies = (
				5E75C7632ABD81F4008A3DA5 /* PBXTargetDependency */,
			);
			name = CryptoCurrencyTests;
			productName = CryptoCurrencyTests;
			productReference = 5E75C75E2ABD81F4008A3DA5 /* CryptoCurrencyTests.xctest */;
			productType = "com.apple.product-type.bundle.unit-test";
		};
		5E75C76F2ABD8D79008A3DA5 /* CryptoCurrencyUITests */ = {
			isa = PBXNativeTarget;
			buildConfigurationList = 5E75C7782ABD8D79008A3DA5 /* Build configuration list for PBXNativeTarget "CryptoCurrencyUITests" */;
			buildPhases = (
				5E75C76C2ABD8D79008A3DA5 /* Sources */,
				5E75C76D2ABD8D79008A3DA5 /* Frameworks */,
				5E75C76E2ABD8D79008A3DA5 /* Resources */,
			);
			buildRules = (
			);
			dependencies = (
				5E75C7772ABD8D79008A3DA5 /* PBXTargetDependency */,
			);
			name = CryptoCurrencyUITests;
			productName = CryptoCurrencyUITests;
			productReference = 5E75C7702ABD8D79008A3DA5 /* CryptoCurrencyUITests.xctest */;
			productType = "com.apple.product-type.bundle.ui-testing";
		};
		5E7EF7DD2AAF22C600F8386A /* CryptoCurrency */ = {
			isa = PBXNativeTarget;
			buildConfigurationList = 5E7EF7F52AAF22C900F8386A /* Build configuration list for PBXNativeTarget "CryptoCurrency" */;
			buildPhases = (
				2B2C5CF5D708015C16E3E9D7 /* [CP] Check Pods Manifest.lock */,
				5E7EF7DA2AAF22C600F8386A /* Sources */,
				5E7EF7DB2AAF22C600F8386A /* Frameworks */,
				5E7EF7DC2AAF22C600F8386A /* Resources */,
				4A0E717B698AF08BEE099DB5 /* [CP] Embed Pods Frameworks */,
			);
			buildRules = (
			);
			dependencies = (
			);
			name = CryptoCurrency;
			productName = CryptoCurrency;
			productReference = 5E7EF7DE2AAF22C600F8386A /* CryptoCurrency.app */;
			productType = "com.apple.product-type.application";
		};
/* End PBXNativeTarget section */

/* Begin PBXProject section */
		5E7EF7D62AAF22C600F8386A /* Project object */ = {
			isa = PBXProject;
			attributes = {
				BuildIndependentTargetsInParallel = 1;
				LastSwiftUpdateCheck = 1500;
				LastUpgradeCheck = 1430;
				TargetAttributes = {
					5E75C75D2ABD81F4008A3DA5 = {
						CreatedOnToolsVersion = 15.0;
						TestTargetID = 5E7EF7DD2AAF22C600F8386A;
					};
					5E75C76F2ABD8D79008A3DA5 = {
						CreatedOnToolsVersion = 15.0;
						TestTargetID = 5E7EF7DD2AAF22C600F8386A;
					};
					5E7EF7DD2AAF22C600F8386A = {
						CreatedOnToolsVersion = 14.3.1;
					};
				};
			};
			buildConfigurationList = 5E7EF7D92AAF22C600F8386A /* Build configuration list for PBXProject "CryptoCurrency" */;
			compatibilityVersion = "Xcode 14.0";
			developmentRegion = en;
			hasScannedForEncodings = 0;
			knownRegions = (
				en,
				Base,
			);
			mainGroup = 5E7EF7D52AAF22C600F8386A;
			productRefGroup = 5E7EF7DF2AAF22C600F8386A /* Products */;
			projectDirPath = "";
			projectRoot = "";
			targets = (
				5E7EF7DD2AAF22C600F8386A /* CryptoCurrency */,
				5E75C75D2ABD81F4008A3DA5 /* CryptoCurrencyTests */,
				5E75C76F2ABD8D79008A3DA5 /* CryptoCurrencyUITests */,
			);
		};
/* End PBXProject section */

/* Begin PBXResourcesBuildPhase section */
		5E75C75C2ABD81F4008A3DA5 /* Resources */ = {
			isa = PBXResourcesBuildPhase;
			buildActionMask = 2147483647;
			files = (
			);
			runOnlyForDeploymentPostprocessing = 0;
		};
		5E75C76E2ABD8D79008A3DA5 /* Resources */ = {
			isa = PBXResourcesBuildPhase;
			buildActionMask = 2147483647;
			files = (
			);
			runOnlyForDeploymentPostprocessing = 0;
		};
		5E7EF7DC2AAF22C600F8386A /* Resources */ = {
			isa = PBXResourcesBuildPhase;
			buildActionMask = 2147483647;
			files = (
				5E7EF7F12AAF22C900F8386A /* LaunchScreen.storyboard in Resources */,
				5E616CB82AB1A14600DED86E /* TabBarController.xib in Resources */,
				5EE4C1C72AB433C6005DCFEF /* NewsViewController.xib in Resources */,
				5E616CC52AB1C42800DED86E /* HomeViewController.xib in Resources */,
				5EE4C1C12AB3FE34005DCFEF /* ExchangeViewController.xib in Resources */,
				5EB93E1F2AB884D00003C97E /* CoinsViewCell.xib in Resources */,
				5EB93E1A2AB883870003C97E /* CoinsViewController.xib in Resources */,
				5EE0A6392ABA98600077307B /* InternetViewController.xib in Resources */,
				5EF03CB42AB2F14300A7CF72 /* FavouriteViewController.xib in Resources */,
				5EF03CBE2AB302E500A7CF72 /* DetailViewController.xib in Resources */,
				5E616CD62AB1CF5D00DED86E /* StockViewCell.xib in Resources */,
				5E7EF7EE2AAF22C900F8386A /* Assets.xcassets in Resources */,
				5EE4C1CC2AB43462005DCFEF /* NewsViewCell.xib in Resources */,
				5EF03CBA2AB2F2B500A7CF72 /* FavouriteViewCell.xib in Resources */,
				5E7EF7E92AAF22C600F8386A /* Main.storyboard in Resources */,
			);
			runOnlyForDeploymentPostprocessing = 0;
		};
/* End PBXResourcesBuildPhase section */

/* Begin PBXShellScriptBuildPhase section */
		2B2C5CF5D708015C16E3E9D7 /* [CP] Check Pods Manifest.lock */ = {
			isa = PBXShellScriptBuildPhase;
			buildActionMask = 2147483647;
			files = (
			);
			inputFileListPaths = (
			);
			inputPaths = (
				"${PODS_PODFILE_DIR_PATH}/Podfile.lock",
				"${PODS_ROOT}/Manifest.lock",
			);
			name = "[CP] Check Pods Manifest.lock";
			outputFileListPaths = (
			);
			outputPaths = (
				"$(DERIVED_FILE_DIR)/Pods-CryptoCurrency-checkManifestLockResult.txt",
			);
			runOnlyForDeploymentPostprocessing = 0;
			shellPath = /bin/sh;
			shellScript = "diff \"${PODS_PODFILE_DIR_PATH}/Podfile.lock\" \"${PODS_ROOT}/Manifest.lock\" > /dev/null\nif [ $? != 0 ] ; then\n    # print error to STDERR\n    echo \"error: The sandbox is not in sync with the Podfile.lock. Run 'pod install' or update your CocoaPods installation.\" >&2\n    exit 1\nfi\n# This output is used by Xcode 'outputs' to avoid re-running this script phase.\necho \"SUCCESS\" > \"${SCRIPT_OUTPUT_FILE_0}\"\n";
			showEnvVarsInLog = 0;
		};
		4A0E717B698AF08BEE099DB5 /* [CP] Embed Pods Frameworks */ = {
			isa = PBXShellScriptBuildPhase;
			buildActionMask = 2147483647;
			files = (
			);
			inputFileListPaths = (
				"${PODS_ROOT}/Target Support Files/Pods-CryptoCurrency/Pods-CryptoCurrency-frameworks-${CONFIGURATION}-input-files.xcfilelist",
			);
			name = "[CP] Embed Pods Frameworks";
			outputFileListPaths = (
				"${PODS_ROOT}/Target Support Files/Pods-CryptoCurrency/Pods-CryptoCurrency-frameworks-${CONFIGURATION}-output-files.xcfilelist",
			);
			runOnlyForDeploymentPostprocessing = 0;
			shellPath = /bin/sh;
			shellScript = "\"${PODS_ROOT}/Target Support Files/Pods-CryptoCurrency/Pods-CryptoCurrency-frameworks.sh\"\n";
			showEnvVarsInLog = 0;
		};
/* End PBXShellScriptBuildPhase section */

/* Begin PBXSourcesBuildPhase section */
		5E75C75A2ABD81F4008A3DA5 /* Sources */ = {
			isa = PBXSourcesBuildPhase;
			buildActionMask = 2147483647;
			files = (
				5E018C7B2ABDADA100A1754F /* NewsViewControllerTest.swift in Sources */,
				5E75C7682ABD820A008A3DA5 /* HomeViewControllerTest.swift in Sources */,
				5E018C752ABDA41700A1754F /* DetailViewControllerTest.swift in Sources */,
				5E018C792ABDAC5A00A1754F /* ExchangeViewControllerTest.swift in Sources */,
				5E018C772ABDAB9800A1754F /* FavouriteViewControllerTest.swift in Sources */,
			);
			runOnlyForDeploymentPostprocessing = 0;
		};
		5E75C76C2ABD8D79008A3DA5 /* Sources */ = {
			isa = PBXSourcesBuildPhase;
			buildActionMask = 2147483647;
			files = (
				5E75C7752ABD8D79008A3DA5 /* CryptoCurrencyUITestsLaunchTests.swift in Sources */,
				5E75C7732ABD8D79008A3DA5 /* CryptoCurrencyUITests.swift in Sources */,
			);
			runOnlyForDeploymentPostprocessing = 0;
		};
		5E7EF7DA2AAF22C600F8386A /* Sources */ = {
			isa = PBXSourcesBuildPhase;
			buildActionMask = 2147483647;
			files = (
				5E7EF7E62AAF22C600F8386A /* HomeViewController.swift in Sources */,
				5E616CB72AB1A14600DED86E /* TabBarController.swift in Sources */,
				5EB93E1E2AB884D00003C97E /* CoinsViewCell.swift in Sources */,
				5EF03CB92AB2F2B500A7CF72 /* FavouriteViewCell.swift in Sources */,
				5EE0A6342ABA96C80077307B /* InternetManager.swift in Sources */,
				5ED711172AB05E01001F936F /* Endpoint.swift in Sources */,
				5ED7111A2AB05F97001F936F /* APIManager.swift in Sources */,
				5E0E7C742AB00DAF00BB6C5A /* ExchangeViewController.swift in Sources */,
				5E616CC32AB1B91900DED86E /* ColorExtension.swift in Sources */,
				5E1F92A22AB7F89000BB3BA0 /* StringExtension.swift in Sources */,
				5E7EF7E22AAF22C600F8386A /* AppDelegate.swift in Sources */,
				5E1F92A52AB7FA1F00BB3BA0 /* Favourite+CoreDataClass.swift in Sources */,
				5EF03CC02AB33AD300A7CF72 /* ViewControllerExtension.swift in Sources */,
				5E1F92A62AB7FA1F00BB3BA0 /* Favourite+CoreDataProperties.swift in Sources */,
				5E1F92952AB5AFC300BB3BA0 /* TextFieldExtension.swift in Sources */,
				5EE049382AB0774300810282 /* Key.swift in Sources */,
				5E0E7C6E2AB00D2D00BB6C5A /* Response.swift in Sources */,
				5E616CD52AB1CF5D00DED86E /* StockViewCell.swift in Sources */,
				5EF03CC22AB363D800A7CF72 /* ViewManager.swift in Sources */,
				5E616CC92AB1CC6800DED86E /* ButtonExtension.swift in Sources */,
				5E0E7C702AB00D7D00BB6C5A /* FavouriteViewController.swift in Sources */,
				5E0E7C762AB00DC300BB6C5A /* NewsViewController.swift in Sources */,
				5EE4C1C32AB42DF4005DCFEF /* ImageViewExtension.swift in Sources */,
				5EE4C1C52AB42E31005DCFEF /* LayerSettings.swift in Sources */,
				5E1F92AB2AB8534300BB3BA0 /* FavouriteManager.swift in Sources */,
				5EF03CBC2AB2F93000A7CF72 /* ViewExtension.swift in Sources */,
				5EE0A6302ABA85140077307B /* RefreshManager.swift in Sources */,
				5E7EF7EC2AAF22C600F8386A /* CryptoCurrency.xcdatamodeld in Sources */,
				5EE0A6322ABA90CE0077307B /* TableViewExtension.swift in Sources */,
				5EE4C1CB2AB43462005DCFEF /* NewsViewCell.swift in Sources */,
				5ED7111C2AB064CE001F936F /* Coin.swift in Sources */,
				5EB93E192AB883870003C97E /* CoinsViewController.swift in Sources */,
				5E1F92A92AB7FA5200BB3BA0 /* CoreDataManager.swift in Sources */,
				5E0E7C722AB00D9900BB6C5A /* DetailViewController.swift in Sources */,
				5EE0A6382ABA98600077307B /* InternetViewController.swift in Sources */,
			);
			runOnlyForDeploymentPostprocessing = 0;
		};
/* End PBXSourcesBuildPhase section */

/* Begin PBXTargetDependency section */
		5E75C7632ABD81F4008A3DA5 /* PBXTargetDependency */ = {
			isa = PBXTargetDependency;
			target = 5E7EF7DD2AAF22C600F8386A /* CryptoCurrency */;
			targetProxy = 5E75C7622ABD81F4008A3DA5 /* PBXContainerItemProxy */;
		};
		5E75C7772ABD8D79008A3DA5 /* PBXTargetDependency */ = {
			isa = PBXTargetDependency;
			target = 5E7EF7DD2AAF22C600F8386A /* CryptoCurrency */;
			targetProxy = 5E75C7762ABD8D79008A3DA5 /* PBXContainerItemProxy */;
		};
/* End PBXTargetDependency section */

/* Begin PBXVariantGroup section */
		5E7EF7E72AAF22C600F8386A /* Main.storyboard */ = {
			isa = PBXVariantGroup;
			children = (
				5E7EF7E82AAF22C600F8386A /* Base */,
			);
			name = Main.storyboard;
			sourceTree = "<group>";
		};
		5E7EF7EF2AAF22C900F8386A /* LaunchScreen.storyboard */ = {
			isa = PBXVariantGroup;
			children = (
				5E7EF7F02AAF22C900F8386A /* Base */,
			);
			name = LaunchScreen.storyboard;
			sourceTree = "<group>";
		};
/* End PBXVariantGroup section */

/* Begin XCBuildConfiguration section */
		5E75C7642ABD81F4008A3DA5 /* Debug */ = {
			isa = XCBuildConfiguration;
			buildSettings = {
				ASSETCATALOG_COMPILER_GENERATE_SWIFT_ASSET_SYMBOL_EXTENSIONS = YES;
				BUNDLE_LOADER = "$(TEST_HOST)";
				CODE_SIGN_STYLE = Automatic;
				CURRENT_PROJECT_VERSION = 1;
				DEVELOPMENT_TEAM = 267YL39X87;
				ENABLE_USER_SCRIPT_SANDBOXING = YES;
				GCC_C_LANGUAGE_STANDARD = gnu17;
				GENERATE_INFOPLIST_FILE = YES;
				IPHONEOS_DEPLOYMENT_TARGET = 17.0;
				LOCALIZATION_PREFERS_STRING_CATALOGS = YES;
				MARKETING_VERSION = 1.0;
				PRODUCT_BUNDLE_IDENTIFIER = com.sun.CryptoCurrencyTests;
				PRODUCT_NAME = "$(TARGET_NAME)";
				SWIFT_ACTIVE_COMPILATION_CONDITIONS = "DEBUG $(inherited)";
				SWIFT_EMIT_LOC_STRINGS = NO;
				SWIFT_VERSION = 5.0;
				TARGETED_DEVICE_FAMILY = "1,2";
				TEST_HOST = "$(BUILT_PRODUCTS_DIR)/CryptoCurrency.app/$(BUNDLE_EXECUTABLE_FOLDER_PATH)/CryptoCurrency";
			};
			name = Debug;
		};
		5E75C7652ABD81F4008A3DA5 /* Release */ = {
			isa = XCBuildConfiguration;
			buildSettings = {
				ASSETCATALOG_COMPILER_GENERATE_SWIFT_ASSET_SYMBOL_EXTENSIONS = YES;
				BUNDLE_LOADER = "$(TEST_HOST)";
				CODE_SIGN_STYLE = Automatic;
				CURRENT_PROJECT_VERSION = 1;
				DEVELOPMENT_TEAM = 267YL39X87;
				ENABLE_USER_SCRIPT_SANDBOXING = YES;
				GCC_C_LANGUAGE_STANDARD = gnu17;
				GENERATE_INFOPLIST_FILE = YES;
				IPHONEOS_DEPLOYMENT_TARGET = 17.0;
				LOCALIZATION_PREFERS_STRING_CATALOGS = YES;
				MARKETING_VERSION = 1.0;
				PRODUCT_BUNDLE_IDENTIFIER = com.sun.CryptoCurrencyTests;
				PRODUCT_NAME = "$(TARGET_NAME)";
				SWIFT_EMIT_LOC_STRINGS = NO;
				SWIFT_VERSION = 5.0;
				TARGETED_DEVICE_FAMILY = "1,2";
				TEST_HOST = "$(BUILT_PRODUCTS_DIR)/CryptoCurrency.app/$(BUNDLE_EXECUTABLE_FOLDER_PATH)/CryptoCurrency";
			};
			name = Release;
		};
		5E75C7792ABD8D79008A3DA5 /* Debug */ = {
			isa = XCBuildConfiguration;
			buildSettings = {
				ASSETCATALOG_COMPILER_GENERATE_SWIFT_ASSET_SYMBOL_EXTENSIONS = YES;
				CODE_SIGN_STYLE = Automatic;
				CURRENT_PROJECT_VERSION = 1;
				DEVELOPMENT_TEAM = 267YL39X87;
				ENABLE_USER_SCRIPT_SANDBOXING = YES;
				GCC_C_LANGUAGE_STANDARD = gnu17;
				GENERATE_INFOPLIST_FILE = YES;
				IPHONEOS_DEPLOYMENT_TARGET = 17.0;
				LOCALIZATION_PREFERS_STRING_CATALOGS = YES;
				MARKETING_VERSION = 1.0;
				PRODUCT_BUNDLE_IDENTIFIER = com.sun.CryptoCurrencyUITests;
				PRODUCT_NAME = "$(TARGET_NAME)";
				SWIFT_ACTIVE_COMPILATION_CONDITIONS = "DEBUG $(inherited)";
				SWIFT_EMIT_LOC_STRINGS = NO;
				SWIFT_VERSION = 5.0;
				TARGETED_DEVICE_FAMILY = "1,2";
				TEST_TARGET_NAME = CryptoCurrency;
			};
			name = Debug;
		};
		5E75C77A2ABD8D79008A3DA5 /* Release */ = {
			isa = XCBuildConfiguration;
			buildSettings = {
				ASSETCATALOG_COMPILER_GENERATE_SWIFT_ASSET_SYMBOL_EXTENSIONS = YES;
				CODE_SIGN_STYLE = Automatic;
				CURRENT_PROJECT_VERSION = 1;
				DEVELOPMENT_TEAM = 267YL39X87;
				ENABLE_USER_SCRIPT_SANDBOXING = YES;
				GCC_C_LANGUAGE_STANDARD = gnu17;
				GENERATE_INFOPLIST_FILE = YES;
				IPHONEOS_DEPLOYMENT_TARGET = 17.0;
				LOCALIZATION_PREFERS_STRING_CATALOGS = YES;
				MARKETING_VERSION = 1.0;
				PRODUCT_BUNDLE_IDENTIFIER = com.sun.CryptoCurrencyUITests;
				PRODUCT_NAME = "$(TARGET_NAME)";
				SWIFT_EMIT_LOC_STRINGS = NO;
				SWIFT_VERSION = 5.0;
				TARGETED_DEVICE_FAMILY = "1,2";
				TEST_TARGET_NAME = CryptoCurrency;
			};
			name = Release;
		};
		5E7EF7F32AAF22C900F8386A /* Debug */ = {
			isa = XCBuildConfiguration;
			buildSettings = {
				ALWAYS_SEARCH_USER_PATHS = NO;
				CLANG_ANALYZER_NONNULL = YES;
				CLANG_ANALYZER_NUMBER_OBJECT_CONVERSION = YES_AGGRESSIVE;
				CLANG_CXX_LANGUAGE_STANDARD = "gnu++20";
				CLANG_ENABLE_MODULES = YES;
				CLANG_ENABLE_OBJC_ARC = YES;
				CLANG_ENABLE_OBJC_WEAK = YES;
				CLANG_WARN_BLOCK_CAPTURE_AUTORELEASING = YES;
				CLANG_WARN_BOOL_CONVERSION = YES;
				CLANG_WARN_COMMA = YES;
				CLANG_WARN_CONSTANT_CONVERSION = YES;
				CLANG_WARN_DEPRECATED_OBJC_IMPLEMENTATIONS = YES;
				CLANG_WARN_DIRECT_OBJC_ISA_USAGE = YES_ERROR;
				CLANG_WARN_DOCUMENTATION_COMMENTS = YES;
				CLANG_WARN_EMPTY_BODY = YES;
				CLANG_WARN_ENUM_CONVERSION = YES;
				CLANG_WARN_INFINITE_RECURSION = YES;
				CLANG_WARN_INT_CONVERSION = YES;
				CLANG_WARN_NON_LITERAL_NULL_CONVERSION = YES;
				CLANG_WARN_OBJC_IMPLICIT_RETAIN_SELF = YES;
				CLANG_WARN_OBJC_LITERAL_CONVERSION = YES;
				CLANG_WARN_OBJC_ROOT_CLASS = YES_ERROR;
				CLANG_WARN_QUOTED_INCLUDE_IN_FRAMEWORK_HEADER = YES;
				CLANG_WARN_RANGE_LOOP_ANALYSIS = YES;
				CLANG_WARN_STRICT_PROTOTYPES = YES;
				CLANG_WARN_SUSPICIOUS_MOVE = YES;
				CLANG_WARN_UNGUARDED_AVAILABILITY = YES_AGGRESSIVE;
				CLANG_WARN_UNREACHABLE_CODE = YES;
				CLANG_WARN__DUPLICATE_METHOD_MATCH = YES;
				COPY_PHASE_STRIP = NO;
				DEBUG_INFORMATION_FORMAT = dwarf;
				ENABLE_STRICT_OBJC_MSGSEND = YES;
				ENABLE_TESTABILITY = YES;
				GCC_C_LANGUAGE_STANDARD = gnu11;
				GCC_DYNAMIC_NO_PIC = NO;
				GCC_NO_COMMON_BLOCKS = YES;
				GCC_OPTIMIZATION_LEVEL = 0;
				GCC_PREPROCESSOR_DEFINITIONS = (
					"DEBUG=1",
					"$(inherited)",
				);
				GCC_WARN_64_TO_32_BIT_CONVERSION = YES;
				GCC_WARN_ABOUT_RETURN_TYPE = YES_ERROR;
				GCC_WARN_UNDECLARED_SELECTOR = YES;
				GCC_WARN_UNINITIALIZED_AUTOS = YES_AGGRESSIVE;
				GCC_WARN_UNUSED_FUNCTION = YES;
				GCC_WARN_UNUSED_VARIABLE = YES;
				IPHONEOS_DEPLOYMENT_TARGET = 16.4;
				MTL_ENABLE_DEBUG_INFO = INCLUDE_SOURCE;
				MTL_FAST_MATH = YES;
				ONLY_ACTIVE_ARCH = YES;
				SDKROOT = iphoneos;
				SWIFT_ACTIVE_COMPILATION_CONDITIONS = DEBUG;
				SWIFT_OPTIMIZATION_LEVEL = "-Onone";
			};
			name = Debug;
		};
		5E7EF7F42AAF22C900F8386A /* Release */ = {
			isa = XCBuildConfiguration;
			buildSettings = {
				ALWAYS_SEARCH_USER_PATHS = NO;
				CLANG_ANALYZER_NONNULL = YES;
				CLANG_ANALYZER_NUMBER_OBJECT_CONVERSION = YES_AGGRESSIVE;
				CLANG_CXX_LANGUAGE_STANDARD = "gnu++20";
				CLANG_ENABLE_MODULES = YES;
				CLANG_ENABLE_OBJC_ARC = YES;
				CLANG_ENABLE_OBJC_WEAK = YES;
				CLANG_WARN_BLOCK_CAPTURE_AUTORELEASING = YES;
				CLANG_WARN_BOOL_CONVERSION = YES;
				CLANG_WARN_COMMA = YES;
				CLANG_WARN_CONSTANT_CONVERSION = YES;
				CLANG_WARN_DEPRECATED_OBJC_IMPLEMENTATIONS = YES;
				CLANG_WARN_DIRECT_OBJC_ISA_USAGE = YES_ERROR;
				CLANG_WARN_DOCUMENTATION_COMMENTS = YES;
				CLANG_WARN_EMPTY_BODY = YES;
				CLANG_WARN_ENUM_CONVERSION = YES;
				CLANG_WARN_INFINITE_RECURSION = YES;
				CLANG_WARN_INT_CONVERSION = YES;
				CLANG_WARN_NON_LITERAL_NULL_CONVERSION = YES;
				CLANG_WARN_OBJC_IMPLICIT_RETAIN_SELF = YES;
				CLANG_WARN_OBJC_LITERAL_CONVERSION = YES;
				CLANG_WARN_OBJC_ROOT_CLASS = YES_ERROR;
				CLANG_WARN_QUOTED_INCLUDE_IN_FRAMEWORK_HEADER = YES;
				CLANG_WARN_RANGE_LOOP_ANALYSIS = YES;
				CLANG_WARN_STRICT_PROTOTYPES = YES;
				CLANG_WARN_SUSPICIOUS_MOVE = YES;
				CLANG_WARN_UNGUARDED_AVAILABILITY = YES_AGGRESSIVE;
				CLANG_WARN_UNREACHABLE_CODE = YES;
				CLANG_WARN__DUPLICATE_METHOD_MATCH = YES;
				COPY_PHASE_STRIP = NO;
				DEBUG_INFORMATION_FORMAT = "dwarf-with-dsym";
				ENABLE_NS_ASSERTIONS = NO;
				ENABLE_STRICT_OBJC_MSGSEND = YES;
				GCC_C_LANGUAGE_STANDARD = gnu11;
				GCC_NO_COMMON_BLOCKS = YES;
				GCC_WARN_64_TO_32_BIT_CONVERSION = YES;
				GCC_WARN_ABOUT_RETURN_TYPE = YES_ERROR;
				GCC_WARN_UNDECLARED_SELECTOR = YES;
				GCC_WARN_UNINITIALIZED_AUTOS = YES_AGGRESSIVE;
				GCC_WARN_UNUSED_FUNCTION = YES;
				GCC_WARN_UNUSED_VARIABLE = YES;
				IPHONEOS_DEPLOYMENT_TARGET = 16.4;
				MTL_ENABLE_DEBUG_INFO = NO;
				MTL_FAST_MATH = YES;
				SDKROOT = iphoneos;
				SWIFT_COMPILATION_MODE = wholemodule;
				SWIFT_OPTIMIZATION_LEVEL = "-O";
				VALIDATE_PRODUCT = YES;
			};
			name = Release;
		};
		5E7EF7F62AAF22C900F8386A /* Debug */ = {
			isa = XCBuildConfiguration;
			baseConfigurationReference = EA0BECBCCE14C60287DEC53C /* Pods-CryptoCurrency.debug.xcconfig */;
			buildSettings = {
				ASSETCATALOG_COMPILER_APPICON_NAME = AppIcon;
				ASSETCATALOG_COMPILER_GLOBAL_ACCENT_COLOR_NAME = AccentColor;
				CODE_SIGN_STYLE = Automatic;
				CURRENT_PROJECT_VERSION = 1;
				DEVELOPMENT_TEAM = 267YL39X87;
				GENERATE_INFOPLIST_FILE = YES;
				INFOPLIST_FILE = CryptoCurrency/Info.plist;
				INFOPLIST_KEY_UIApplicationSupportsIndirectInputEvents = YES;
				INFOPLIST_KEY_UILaunchStoryboardName = LaunchScreen;
				INFOPLIST_KEY_UIMainStoryboardFile = Main;
				INFOPLIST_KEY_UISupportedInterfaceOrientations_iPad = "UIInterfaceOrientationPortrait UIInterfaceOrientationPortraitUpsideDown UIInterfaceOrientationLandscapeLeft UIInterfaceOrientationLandscapeRight";
				INFOPLIST_KEY_UISupportedInterfaceOrientations_iPhone = "UIInterfaceOrientationPortrait UIInterfaceOrientationLandscapeLeft UIInterfaceOrientationLandscapeRight";
				LD_RUNPATH_SEARCH_PATHS = (
					"$(inherited)",
					"@executable_path/Frameworks",
				);
				MARKETING_VERSION = 1.0;
				PRODUCT_BUNDLE_IDENTIFIER = com.sun.CryptoCurrency;
				PRODUCT_NAME = "$(TARGET_NAME)";
				SWIFT_EMIT_LOC_STRINGS = YES;
				SWIFT_VERSION = 5.0;
				TARGETED_DEVICE_FAMILY = "1,2";
			};
			name = Debug;
		};
		5E7EF7F72AAF22C900F8386A /* Release */ = {
			isa = XCBuildConfiguration;
			baseConfigurationReference = DEDE969FEA352523602DF6A4 /* Pods-CryptoCurrency.release.xcconfig */;
			buildSettings = {
				ASSETCATALOG_COMPILER_APPICON_NAME = AppIcon;
				ASSETCATALOG_COMPILER_GLOBAL_ACCENT_COLOR_NAME = AccentColor;
				CODE_SIGN_STYLE = Automatic;
				CURRENT_PROJECT_VERSION = 1;
				DEVELOPMENT_TEAM = 267YL39X87;
				GENERATE_INFOPLIST_FILE = YES;
				INFOPLIST_FILE = CryptoCurrency/Info.plist;
				INFOPLIST_KEY_UIApplicationSupportsIndirectInputEvents = YES;
				INFOPLIST_KEY_UILaunchStoryboardName = LaunchScreen;
				INFOPLIST_KEY_UIMainStoryboardFile = Main;
				INFOPLIST_KEY_UISupportedInterfaceOrientations_iPad = "UIInterfaceOrientationPortrait UIInterfaceOrientationPortraitUpsideDown UIInterfaceOrientationLandscapeLeft UIInterfaceOrientationLandscapeRight";
				INFOPLIST_KEY_UISupportedInterfaceOrientations_iPhone = "UIInterfaceOrientationPortrait UIInterfaceOrientationLandscapeLeft UIInterfaceOrientationLandscapeRight";
				LD_RUNPATH_SEARCH_PATHS = (
					"$(inherited)",
					"@executable_path/Frameworks",
				);
				MARKETING_VERSION = 1.0;
				PRODUCT_BUNDLE_IDENTIFIER = com.sun.CryptoCurrency;
				PRODUCT_NAME = "$(TARGET_NAME)";
				SWIFT_EMIT_LOC_STRINGS = YES;
				SWIFT_VERSION = 5.0;
				TARGETED_DEVICE_FAMILY = "1,2";
			};
			name = Release;
		};
/* End XCBuildConfiguration section */

/* Begin XCConfigurationList section */
		5E75C7662ABD81F4008A3DA5 /* Build configuration list for PBXNativeTarget "CryptoCurrencyTests" */ = {
			isa = XCConfigurationList;
			buildConfigurations = (
				5E75C7642ABD81F4008A3DA5 /* Debug */,
				5E75C7652ABD81F4008A3DA5 /* Release */,
			);
			defaultConfigurationIsVisible = 0;
			defaultConfigurationName = Release;
		};
		5E75C7782ABD8D79008A3DA5 /* Build configuration list for PBXNativeTarget "CryptoCurrencyUITests" */ = {
			isa = XCConfigurationList;
			buildConfigurations = (
				5E75C7792ABD8D79008A3DA5 /* Debug */,
				5E75C77A2ABD8D79008A3DA5 /* Release */,
			);
			defaultConfigurationIsVisible = 0;
			defaultConfigurationName = Release;
		};
		5E7EF7D92AAF22C600F8386A /* Build configuration list for PBXProject "CryptoCurrency" */ = {
			isa = XCConfigurationList;
			buildConfigurations = (
				5E7EF7F32AAF22C900F8386A /* Debug */,
				5E7EF7F42AAF22C900F8386A /* Release */,
			);
			defaultConfigurationIsVisible = 0;
			defaultConfigurationName = Release;
		};
		5E7EF7F52AAF22C900F8386A /* Build configuration list for PBXNativeTarget "CryptoCurrency" */ = {
			isa = XCConfigurationList;
			buildConfigurations = (
				5E7EF7F62AAF22C900F8386A /* Debug */,
				5E7EF7F72AAF22C900F8386A /* Release */,
			);
			defaultConfigurationIsVisible = 0;
			defaultConfigurationName = Release;
		};
/* End XCConfigurationList section */

/* Begin XCVersionGroup section */
		5E7EF7EA2AAF22C600F8386A /* CryptoCurrency.xcdatamodeld */ = {
			isa = XCVersionGroup;
			children = (
				5E7EF7EB2AAF22C600F8386A /* CryptoCurrency.xcdatamodel */,
			);
			currentVersion = 5E7EF7EB2AAF22C600F8386A /* CryptoCurrency.xcdatamodel */;
			path = CryptoCurrency.xcdatamodeld;
			sourceTree = "<group>";
			versionGroupType = wrapper.xcdatamodel;
		};
/* End XCVersionGroup section */
	};
	rootObject = 5E7EF7D62AAF22C600F8386A /* Project object */;
}
